// !$*UTF8*$!
{
	archiveVersion = 1;
	classes = {
	};
	objectVersion = 55;
	objects = {

/* Begin PBXBuildFile section */
		73248AF12891203500D53AD1 /* YumemiWeather in Frameworks */ = {isa = PBXBuildFile; productRef = 73248AF02891203500D53AD1 /* YumemiWeather */; };
		7328CD5528D064F100ECC192 /* forecastModel.swift in Sources */ = {isa = PBXBuildFile; fileRef = 7328CD5328CEF09F00ECC192 /* forecastModel.swift */; };
		7334344228E3E67A004C9DB3 /* TableViewController.swift in Sources */ = {isa = PBXBuildFile; fileRef = 7334344128E3E67A004C9DB3 /* TableViewController.swift */; };
		7339727728939872005447F3 /* PreviousDisplayViewViewController.swift in Sources */ = {isa = PBXBuildFile; fileRef = 7339727628939872005447F3 /* PreviousDisplayViewViewController.swift */; };
		733A424228C9A33500418086 /* TrainingUnitTests.swift in Sources */ = {isa = PBXBuildFile; fileRef = 733A424128C9A33500418086 /* TrainingUnitTests.swift */; };
		734AA4D328B342E600E063B4 /* CreateAlert.swift in Sources */ = {isa = PBXBuildFile; fileRef = 734AA4D228B342E600E063B4 /* CreateAlert.swift */; };
		7355B9082899138800DF50B1 /* ViewController.swift in Sources */ = {isa = PBXBuildFile; fileRef = 73772108288F80E60057786D /* ViewController.swift */; };
		73772105288F80E60057786D /* AppDelegate.swift in Sources */ = {isa = PBXBuildFile; fileRef = 73772104288F80E60057786D /* AppDelegate.swift */; };
		73772107288F80E60057786D /* SceneDelegate.swift in Sources */ = {isa = PBXBuildFile; fileRef = 73772106288F80E60057786D /* SceneDelegate.swift */; };
		7377210C288F80E60057786D /* Main.storyboard in Resources */ = {isa = PBXBuildFile; fileRef = 7377210A288F80E60057786D /* Main.storyboard */; };
		7377210E288F80E70057786D /* Assets.xcassets in Resources */ = {isa = PBXBuildFile; fileRef = 7377210D288F80E70057786D /* Assets.xcassets */; };
		73772111288F80E70057786D /* LaunchScreen.storyboard in Resources */ = {isa = PBXBuildFile; fileRef = 7377210F288F80E70057786D /* LaunchScreen.storyboard */; };
/* End PBXBuildFile section */

/* Begin PBXContainerItemProxy section */
		733A422928C8314C00418086 /* PBXContainerItemProxy */ = {
			isa = PBXContainerItemProxy;
			containerPortal = 737720F9288F80E60057786D /* Project object */;
			proxyType = 1;
			remoteGlobalIDString = 73772100288F80E60057786D;
			remoteInfo = Training;
		};
/* End PBXContainerItemProxy section */

/* Begin PBXFileReference section */
		7328CD5328CEF09F00ECC192 /* forecastModel.swift */ = {isa = PBXFileReference; lastKnownFileType = sourcecode.swift; path = forecastModel.swift; sourceTree = "<group>"; };
		732D4B7228E42B1700AAF223 /* MyPlayground.playground */ = {isa = PBXFileReference; lastKnownFileType = file.playground; path = MyPlayground.playground; sourceTree = "<group>"; xcLanguageSpecificationIdentifier = xcode.lang.swift; };
		7334344128E3E67A004C9DB3 /* TableViewController.swift */ = {isa = PBXFileReference; lastKnownFileType = sourcecode.swift; path = TableViewController.swift; sourceTree = "<group>"; };
		7339727628939872005447F3 /* PreviousDisplayViewViewController.swift */ = {isa = PBXFileReference; lastKnownFileType = sourcecode.swift; path = PreviousDisplayViewViewController.swift; sourceTree = "<group>"; };
		733A422528C8314C00418086 /* TrainingTests.xctest */ = {isa = PBXFileReference; explicitFileType = wrapper.cfbundle; includeInIndex = 0; path = TrainingTests.xctest; sourceTree = BUILT_PRODUCTS_DIR; };
		733A424128C9A33500418086 /* TrainingUnitTests.swift */ = {isa = PBXFileReference; lastKnownFileType = sourcecode.swift; path = TrainingUnitTests.swift; sourceTree = "<group>"; };
		734AA4D228B342E600E063B4 /* CreateAlert.swift */ = {isa = PBXFileReference; lastKnownFileType = sourcecode.swift; path = CreateAlert.swift; sourceTree = "<group>"; };
		73772101288F80E60057786D /* Training.app */ = {isa = PBXFileReference; explicitFileType = wrapper.application; includeInIndex = 0; path = Training.app; sourceTree = BUILT_PRODUCTS_DIR; };
		73772104288F80E60057786D /* AppDelegate.swift */ = {isa = PBXFileReference; lastKnownFileType = sourcecode.swift; path = AppDelegate.swift; sourceTree = "<group>"; };
		73772106288F80E60057786D /* SceneDelegate.swift */ = {isa = PBXFileReference; lastKnownFileType = sourcecode.swift; path = SceneDelegate.swift; sourceTree = "<group>"; };
		73772108288F80E60057786D /* ViewController.swift */ = {isa = PBXFileReference; lastKnownFileType = sourcecode.swift; path = ViewController.swift; sourceTree = "<group>"; };
		7377210B288F80E60057786D /* Base */ = {isa = PBXFileReference; lastKnownFileType = file.storyboard; name = Base; path = Base.lproj/Main.storyboard; sourceTree = "<group>"; };
		7377210D288F80E70057786D /* Assets.xcassets */ = {isa = PBXFileReference; lastKnownFileType = folder.assetcatalog; path = Assets.xcassets; sourceTree = "<group>"; };
		73772110288F80E70057786D /* Base */ = {isa = PBXFileReference; lastKnownFileType = file.storyboard; name = Base; path = Base.lproj/LaunchScreen.storyboard; sourceTree = "<group>"; };
		73772112288F80E70057786D /* Info.plist */ = {isa = PBXFileReference; lastKnownFileType = text.plist.xml; path = Info.plist; sourceTree = "<group>"; };
/* End PBXFileReference section */

/* Begin PBXFrameworksBuildPhase section */
		733A422228C8314C00418086 /* Frameworks */ = {
			isa = PBXFrameworksBuildPhase;
			buildActionMask = 2147483647;
			files = (
			);
			runOnlyForDeploymentPostprocessing = 0;
		};
		737720FE288F80E60057786D /* Frameworks */ = {
			isa = PBXFrameworksBuildPhase;
			buildActionMask = 2147483647;
			files = (
				73248AF12891203500D53AD1 /* YumemiWeather in Frameworks */,
			);
			runOnlyForDeploymentPostprocessing = 0;
		};
/* End PBXFrameworksBuildPhase section */

/* Begin PBXGroup section */
		733A422628C8314C00418086 /* TrainingTests */ = {
			isa = PBXGroup;
			children = (
				733A424128C9A33500418086 /* TrainingUnitTests.swift */,
				7328CD5328CEF09F00ECC192 /* forecastModel.swift */,
			);
			path = TrainingTests;
			sourceTree = "<group>";
		};
		737720F8288F80E60057786D = {
			isa = PBXGroup;
			children = (
				73772103288F80E60057786D /* Training */,
				733A422628C8314C00418086 /* TrainingTests */,
				73772102288F80E60057786D /* Products */,
			);
			sourceTree = "<group>";
		};
		73772102288F80E60057786D /* Products */ = {
			isa = PBXGroup;
			children = (
				73772101288F80E60057786D /* Training.app */,
				733A422528C8314C00418086 /* TrainingTests.xctest */,
			);
			name = Products;
			sourceTree = "<group>";
		};
		73772103288F80E60057786D /* Training */ = {
			isa = PBXGroup;
			children = (
				732D4B7228E42B1700AAF223 /* MyPlayground.playground */,
				73772104288F80E60057786D /* AppDelegate.swift */,
				73772106288F80E60057786D /* SceneDelegate.swift */,
				73772108288F80E60057786D /* ViewController.swift */,
				7377210A288F80E60057786D /* Main.storyboard */,
				7334344128E3E67A004C9DB3 /* TableViewController.swift */,
				7339727628939872005447F3 /* PreviousDisplayViewViewController.swift */,
				734AA4D228B342E600E063B4 /* CreateAlert.swift */,
				7377210D288F80E70057786D /* Assets.xcassets */,
				7377210F288F80E70057786D /* LaunchScreen.storyboard */,
				73772112288F80E70057786D /* Info.plist */,
			);
			path = Training;
			sourceTree = "<group>";
		};
/* End PBXGroup section */

/* Begin PBXNativeTarget section */
		733A422428C8314C00418086 /* TrainingTests */ = {
			isa = PBXNativeTarget;
			buildConfigurationList = 733A422D28C8314C00418086 /* Build configuration list for PBXNativeTarget "TrainingTests" */;
			buildPhases = (
				733A422128C8314C00418086 /* Sources */,
				733A422228C8314C00418086 /* Frameworks */,
				733A422328C8314C00418086 /* Resources */,
			);
			buildRules = (
			);
			dependencies = (
				733A422A28C8314C00418086 /* PBXTargetDependency */,
			);
			name = TrainingTests;
			productName = TrainingTests;
			productReference = 733A422528C8314C00418086 /* TrainingTests.xctest */;
			productType = "com.apple.product-type.bundle.unit-test";
		};
		73772100288F80E60057786D /* Training */ = {
			isa = PBXNativeTarget;
			buildConfigurationList = 73772115288F80E70057786D /* Build configuration list for PBXNativeTarget "Training" */;
			buildPhases = (
				737720FD288F80E60057786D /* Sources */,
				737720FE288F80E60057786D /* Frameworks */,
				737720FF288F80E60057786D /* Resources */,
			);
			buildRules = (
			);
			dependencies = (
			);
			name = Training;
			packageProductDependencies = (
				73248AF02891203500D53AD1 /* YumemiWeather */,
			);
			productName = Training;
			productReference = 73772101288F80E60057786D /* Training.app */;
			productType = "com.apple.product-type.application";
		};
/* End PBXNativeTarget section */

/* Begin PBXProject section */
		737720F9288F80E60057786D /* Project object */ = {
			isa = PBXProject;
			attributes = {
				BuildIndependentTargetsInParallel = 1;
				LastSwiftUpdateCheck = 1340;
				LastUpgradeCheck = 1340;
				TargetAttributes = {
					733A422428C8314C00418086 = {
						CreatedOnToolsVersion = 13.4.1;
						TestTargetID = 73772100288F80E60057786D;
					};
					73772100288F80E60057786D = {
						CreatedOnToolsVersion = 13.4.1;
					};
				};
			};
			buildConfigurationList = 737720FC288F80E60057786D /* Build configuration list for PBXProject "Training" */;
			compatibilityVersion = "Xcode 13.0";
			developmentRegion = en;
			hasScannedForEncodings = 0;
			knownRegions = (
				en,
				Base,
			);
			mainGroup = 737720F8288F80E60057786D;
			packageReferences = (
				73248AEF2891203500D53AD1 /* XCRemoteSwiftPackageReference "ios-training" */,
			);
			productRefGroup = 73772102288F80E60057786D /* Products */;
			projectDirPath = "";
			projectRoot = "";
			targets = (
				73772100288F80E60057786D /* Training */,
				733A422428C8314C00418086 /* TrainingTests */,
			);
		};
/* End PBXProject section */

/* Begin PBXResourcesBuildPhase section */
		733A422328C8314C00418086 /* Resources */ = {
			isa = PBXResourcesBuildPhase;
			buildActionMask = 2147483647;
			files = (
			);
			runOnlyForDeploymentPostprocessing = 0;
		};
		737720FF288F80E60057786D /* Resources */ = {
			isa = PBXResourcesBuildPhase;
			buildActionMask = 2147483647;
			files = (
				73772111288F80E70057786D /* LaunchScreen.storyboard in Resources */,
				7377210E288F80E70057786D /* Assets.xcassets in Resources */,
				7377210C288F80E60057786D /* Main.storyboard in Resources */,
			);
			runOnlyForDeploymentPostprocessing = 0;
		};
/* End PBXResourcesBuildPhase section */

/* Begin PBXSourcesBuildPhase section */
		733A422128C8314C00418086 /* Sources */ = {
			isa = PBXSourcesBuildPhase;
			buildActionMask = 2147483647;
			files = (
				7328CD5528D064F100ECC192 /* forecastModel.swift in Sources */,
				733A424228C9A33500418086 /* TrainingUnitTests.swift in Sources */,
			);
			runOnlyForDeploymentPostprocessing = 0;
		};
		737720FD288F80E60057786D /* Sources */ = {
			isa = PBXSourcesBuildPhase;
			buildActionMask = 2147483647;
			files = (
				734AA4D328B342E600E063B4 /* CreateAlert.swift in Sources */,
				7334344228E3E67A004C9DB3 /* TableViewController.swift in Sources */,
				73772105288F80E60057786D /* AppDelegate.swift in Sources */,
				73772107288F80E60057786D /* SceneDelegate.swift in Sources */,
				7355B9082899138800DF50B1 /* ViewController.swift in Sources */,
				7339727728939872005447F3 /* PreviousDisplayViewViewController.swift in Sources */,
			);
			runOnlyForDeploymentPostprocessing = 0;
		};
/* End PBXSourcesBuildPhase section */

/* Begin PBXTargetDependency section */
		733A422A28C8314C00418086 /* PBXTargetDependency */ = {
			isa = PBXTargetDependency;
			target = 73772100288F80E60057786D /* Training */;
			targetProxy = 733A422928C8314C00418086 /* PBXContainerItemProxy */;
		};
/* End PBXTargetDependency section */

/* Begin PBXVariantGroup section */
		7377210A288F80E60057786D /* Main.storyboard */ = {
			isa = PBXVariantGroup;
			children = (
				7377210B288F80E60057786D /* Base */,
			);
			name = Main.storyboard;
			sourceTree = "<group>";
		};
		7377210F288F80E70057786D /* LaunchScreen.storyboard */ = {
			isa = PBXVariantGroup;
			children = (
				73772110288F80E70057786D /* Base */,
			);
			name = LaunchScreen.storyboard;
			sourceTree = "<group>";
		};
/* End PBXVariantGroup section */

/* Begin XCBuildConfiguration section */
		733A422B28C8314C00418086 /* Debug */ = {
			isa = XCBuildConfiguration;
			buildSettings = {
				BUNDLE_LOADER = "$(TEST_HOST)";
				CODE_SIGN_STYLE = Automatic;
				CURRENT_PROJECT_VERSION = 1;
				GENERATE_INFOPLIST_FILE = YES;
				MARKETING_VERSION = 1.0;
				PRODUCT_BUNDLE_IDENTIFIER = com.akiba.TrainingTests;
				PRODUCT_NAME = "$(TARGET_NAME)";
				SWIFT_EMIT_LOC_STRINGS = NO;
				SWIFT_VERSION = 5.0;
				TARGETED_DEVICE_FAMILY = "1,2";
				TEST_HOST = "$(BUILT_PRODUCTS_DIR)/Training.app/Training";
			};
			name = Debug;
		};
		733A422C28C8314C00418086 /* Release */ = {
			isa = XCBuildConfiguration;
			buildSettings = {
				BUNDLE_LOADER = "$(TEST_HOST)";
				CODE_SIGN_STYLE = Automatic;
				CURRENT_PROJECT_VERSION = 1;
				GENERATE_INFOPLIST_FILE = YES;
				MARKETING_VERSION = 1.0;
				PRODUCT_BUNDLE_IDENTIFIER = com.akiba.TrainingTests;
				PRODUCT_NAME = "$(TARGET_NAME)";
				SWIFT_EMIT_LOC_STRINGS = NO;
				SWIFT_VERSION = 5.0;
				TARGETED_DEVICE_FAMILY = "1,2";
				TEST_HOST = "$(BUILT_PRODUCTS_DIR)/Training.app/Training";
			};
			name = Release;
		};
		73772113288F80E70057786D /* Debug */ = {
			isa = XCBuildConfiguration;
			buildSettings = {
				ALWAYS_SEARCH_USER_PATHS = NO;
				CLANG_ANALYZER_NONNULL = YES;
				CLANG_ANALYZER_NUMBER_OBJECT_CONVERSION = YES_AGGRESSIVE;
				CLANG_CXX_LANGUAGE_STANDARD = "gnu++17";
				CLANG_ENABLE_MODULES = YES;
				CLANG_ENABLE_OBJC_ARC = YES;
				CLANG_ENABLE_OBJC_WEAK = YES;
				CLANG_WARN_BLOCK_CAPTURE_AUTORELEASING = YES;
				CLANG_WARN_BOOL_CONVERSION = YES;
				CLANG_WARN_COMMA = YES;
				CLANG_WARN_CONSTANT_CONVERSION = YES;
				CLANG_WARN_DEPRECATED_OBJC_IMPLEMENTATIONS = YES;
				CLANG_WARN_DIRECT_OBJC_ISA_USAGE = YES_ERROR;
				CLANG_WARN_DOCUMENTATION_COMMENTS = YES;
				CLANG_WARN_EMPTY_BODY = YES;
				CLANG_WARN_ENUM_CONVERSION = YES;
				CLANG_WARN_INFINITE_RECURSION = YES;
				CLANG_WARN_INT_CONVERSION = YES;
				CLANG_WARN_NON_LITERAL_NULL_CONVERSION = YES;
				CLANG_WARN_OBJC_IMPLICIT_RETAIN_SELF = YES;
				CLANG_WARN_OBJC_LITERAL_CONVERSION = YES;
				CLANG_WARN_OBJC_ROOT_CLASS = YES_ERROR;
				CLANG_WARN_QUOTED_INCLUDE_IN_FRAMEWORK_HEADER = YES;
				CLANG_WARN_RANGE_LOOP_ANALYSIS = YES;
				CLANG_WARN_STRICT_PROTOTYPES = YES;
				CLANG_WARN_SUSPICIOUS_MOVE = YES;
				CLANG_WARN_UNGUARDED_AVAILABILITY = YES_AGGRESSIVE;
				CLANG_WARN_UNREACHABLE_CODE = YES;
				CLANG_WARN__DUPLICATE_METHOD_MATCH = YES;
				COPY_PHASE_STRIP = NO;
				DEBUG_INFORMATION_FORMAT = dwarf;
				DEVELOPMENT_TEAM = A5A455DFKJ;
				ENABLE_STRICT_OBJC_MSGSEND = YES;
				ENABLE_TESTABILITY = YES;
				GCC_C_LANGUAGE_STANDARD = gnu11;
				GCC_DYNAMIC_NO_PIC = NO;
				GCC_NO_COMMON_BLOCKS = YES;
				GCC_OPTIMIZATION_LEVEL = 0;
				GCC_PREPROCESSOR_DEFINITIONS = (
					"DEBUG=1",
					"$(inherited)",
				);
				GCC_WARN_64_TO_32_BIT_CONVERSION = YES;
				GCC_WARN_ABOUT_RETURN_TYPE = YES_ERROR;
				GCC_WARN_UNDECLARED_SELECTOR = YES;
				GCC_WARN_UNINITIALIZED_AUTOS = YES_AGGRESSIVE;
				GCC_WARN_UNUSED_FUNCTION = YES;
				GCC_WARN_UNUSED_VARIABLE = YES;
				IPHONEOS_DEPLOYMENT_TARGET = 15.5;
				MTL_ENABLE_DEBUG_INFO = INCLUDE_SOURCE;
				MTL_FAST_MATH = YES;
				ONLY_ACTIVE_ARCH = YES;
				SDKROOT = iphoneos;
				SWIFT_ACTIVE_COMPILATION_CONDITIONS = DEBUG;
				SWIFT_OPTIMIZATION_LEVEL = "-Onone";
			};
			name = Debug;
		};
		73772114288F80E70057786D /* Release */ = {
			isa = XCBuildConfiguration;
			buildSettings = {
				ALWAYS_SEARCH_USER_PATHS = NO;
				CLANG_ANALYZER_NONNULL = YES;
				CLANG_ANALYZER_NUMBER_OBJECT_CONVERSION = YES_AGGRESSIVE;
				CLANG_CXX_LANGUAGE_STANDARD = "gnu++17";
				CLANG_ENABLE_MODULES = YES;
				CLANG_ENABLE_OBJC_ARC = YES;
				CLANG_ENABLE_OBJC_WEAK = YES;
				CLANG_WARN_BLOCK_CAPTURE_AUTORELEASING = YES;
				CLANG_WARN_BOOL_CONVERSION = YES;
				CLANG_WARN_COMMA = YES;
				CLANG_WARN_CONSTANT_CONVERSION = YES;
				CLANG_WARN_DEPRECATED_OBJC_IMPLEMENTATIONS = YES;
				CLANG_WARN_DIRECT_OBJC_ISA_USAGE = YES_ERROR;
				CLANG_WARN_DOCUMENTATION_COMMENTS = YES;
				CLANG_WARN_EMPTY_BODY = YES;
				CLANG_WARN_ENUM_CONVERSION = YES;
				CLANG_WARN_INFINITE_RECURSION = YES;
				CLANG_WARN_INT_CONVERSION = YES;
				CLANG_WARN_NON_LITERAL_NULL_CONVERSION = YES;
				CLANG_WARN_OBJC_IMPLICIT_RETAIN_SELF = YES;
				CLANG_WARN_OBJC_LITERAL_CONVERSION = YES;
				CLANG_WARN_OBJC_ROOT_CLASS = YES_ERROR;
				CLANG_WARN_QUOTED_INCLUDE_IN_FRAMEWORK_HEADER = YES;
				CLANG_WARN_RANGE_LOOP_ANALYSIS = YES;
				CLANG_WARN_STRICT_PROTOTYPES = YES;
				CLANG_WARN_SUSPICIOUS_MOVE = YES;
				CLANG_WARN_UNGUARDED_AVAILABILITY = YES_AGGRESSIVE;
				CLANG_WARN_UNREACHABLE_CODE = YES;
				CLANG_WARN__DUPLICATE_METHOD_MATCH = YES;
				COPY_PHASE_STRIP = NO;
				DEBUG_INFORMATION_FORMAT = "dwarf-with-dsym";
				DEVELOPMENT_TEAM = A5A455DFKJ;
				ENABLE_NS_ASSERTIONS = NO;
				ENABLE_STRICT_OBJC_MSGSEND = YES;
				GCC_C_LANGUAGE_STANDARD = gnu11;
				GCC_NO_COMMON_BLOCKS = YES;
				GCC_WARN_64_TO_32_BIT_CONVERSION = YES;
				GCC_WARN_ABOUT_RETURN_TYPE = YES_ERROR;
				GCC_WARN_UNDECLARED_SELECTOR = YES;
				GCC_WARN_UNINITIALIZED_AUTOS = YES_AGGRESSIVE;
				GCC_WARN_UNUSED_FUNCTION = YES;
				GCC_WARN_UNUSED_VARIABLE = YES;
				IPHONEOS_DEPLOYMENT_TARGET = 15.5;
				MTL_ENABLE_DEBUG_INFO = NO;
				MTL_FAST_MATH = YES;
				SDKROOT = iphoneos;
				SWIFT_COMPILATION_MODE = wholemodule;
				SWIFT_OPTIMIZATION_LEVEL = "-O";
				VALIDATE_PRODUCT = YES;
			};
			name = Release;
		};
		73772116288F80E70057786D /* Debug */ = {
			isa = XCBuildConfiguration;
			buildSettings = {
				ASSETCATALOG_COMPILER_APPICON_NAME = AppIcon;
				ASSETCATALOG_COMPILER_GLOBAL_ACCENT_COLOR_NAME = AccentColor;
				CODE_SIGN_STYLE = Automatic;
				CURRENT_PROJECT_VERSION = 1;
				GENERATE_INFOPLIST_FILE = YES;
				INFOPLIST_FILE = Training/Info.plist;
				INFOPLIST_KEY_UIApplicationSupportsIndirectInputEvents = YES;
				INFOPLIST_KEY_UILaunchStoryboardName = LaunchScreen;
				INFOPLIST_KEY_UIMainStoryboardFile = Main;
				INFOPLIST_KEY_UISupportedInterfaceOrientations_iPad = "UIInterfaceOrientationPortrait UIInterfaceOrientationPortraitUpsideDown UIInterfaceOrientationLandscapeLeft UIInterfaceOrientationLandscapeRight";
				INFOPLIST_KEY_UISupportedInterfaceOrientations_iPhone = "UIInterfaceOrientationPortrait UIInterfaceOrientationLandscapeLeft UIInterfaceOrientationLandscapeRight";
				LD_RUNPATH_SEARCH_PATHS = (
					"$(inherited)",
					"@executable_path/Frameworks",
				);
				MARKETING_VERSION = 1.0;
				PRODUCT_BUNDLE_IDENTIFIER = com.akiba.Training;
				PRODUCT_NAME = "$(TARGET_NAME)";
				SWIFT_EMIT_LOC_STRINGS = YES;
				SWIFT_VERSION = 5.0;
				TARGETED_DEVICE_FAMILY = "1,2";
			};
			name = Debug;
		};
		73772117288F80E70057786D /* Release */ = {
			isa = XCBuildConfiguration;
			buildSettings = {
				ASSETCATALOG_COMPILER_APPICON_NAME = AppIcon;
				ASSETCATALOG_COMPILER_GLOBAL_ACCENT_COLOR_NAME = AccentColor;
				CODE_SIGN_STYLE = Automatic;
				CURRENT_PROJECT_VERSION = 1;
				GENERATE_INFOPLIST_FILE = YES;
				INFOPLIST_FILE = Training/Info.plist;
				INFOPLIST_KEY_UIApplicationSupportsIndirectInputEvents = YES;
				INFOPLIST_KEY_UILaunchStoryboardName = LaunchScreen;
				INFOPLIST_KEY_UIMainStoryboardFile = Main;
				INFOPLIST_KEY_UISupportedInterfaceOrientations_iPad = "UIInterfaceOrientationPortrait UIInterfaceOrientationPortraitUpsideDown UIInterfaceOrientationLandscapeLeft UIInterfaceOrientationLandscapeRight";
				INFOPLIST_KEY_UISupportedInterfaceOrientations_iPhone = "UIInterfaceOrientationPortrait UIInterfaceOrientationLandscapeLeft UIInterfaceOrientationLandscapeRight";
				LD_RUNPATH_SEARCH_PATHS = (
					"$(inherited)",
					"@executable_path/Frameworks",
				);
				MARKETING_VERSION = 1.0;
				PRODUCT_BUNDLE_IDENTIFIER = com.akiba.Training;
				PRODUCT_NAME = "$(TARGET_NAME)";
				SWIFT_EMIT_LOC_STRINGS = YES;
				SWIFT_VERSION = 5.0;
				TARGETED_DEVICE_FAMILY = "1,2";
			};
			name = Release;
		};
/* End XCBuildConfiguration section */

/* Begin XCConfigurationList section */
		733A422D28C8314C00418086 /* Build configuration list for PBXNativeTarget "TrainingTests" */ = {
			isa = XCConfigurationList;
			buildConfigurations = (
				733A422B28C8314C00418086 /* Debug */,
				733A422C28C8314C00418086 /* Release */,
			);
			defaultConfigurationIsVisible = 0;
			defaultConfigurationName = Release;
		};
		737720FC288F80E60057786D /* Build configuration list for PBXProject "Training" */ = {
			isa = XCConfigurationList;
			buildConfigurations = (
				73772113288F80E70057786D /* Debug */,
				73772114288F80E70057786D /* Release */,
			);
			defaultConfigurationIsVisible = 0;
			defaultConfigurationName = Release;
		};
		73772115288F80E70057786D /* Build configuration list for PBXNativeTarget "Training" */ = {
			isa = XCConfigurationList;
			buildConfigurations = (
				73772116288F80E70057786D /* Debug */,
				73772117288F80E70057786D /* Release */,
			);
			defaultConfigurationIsVisible = 0;
			defaultConfigurationName = Release;
		};
/* End XCConfigurationList section */

/* Begin XCRemoteSwiftPackageReference section */
		73248AEF2891203500D53AD1 /* XCRemoteSwiftPackageReference "ios-training" */ = {
			isa = XCRemoteSwiftPackageReference;
			repositoryURL = "https://github.com/yumemi-inc/ios-training.git";
			requirement = {
				branch = main;
				kind = branch;
			};
		};
/* End XCRemoteSwiftPackageReference section */

/* Begin XCSwiftPackageProductDependency section */
		73248AF02891203500D53AD1 /* YumemiWeather */ = {
			isa = XCSwiftPackageProductDependency;
			package = 73248AEF2891203500D53AD1 /* XCRemoteSwiftPackageReference "ios-training" */;
			productName = YumemiWeather;
		};
/* End XCSwiftPackageProductDependency section */
	};
	rootObject = 737720F9288F80E60057786D /* Project object */;
}
